Microsoft Visual Studio Solution File, Format Version 12.00
# Visual Studio Version 17
VisualStudioVersion = 17.6.33723.286
MinimumVisualStudioVersion = 10.0.40219.1
Project("{8BC9CEB8-8B4A-11D0-8D11-00A0C91BC942}") = "LawnProject", "SexyAppFramework\SexyAppBase.vcxproj", "{DA08CABA-92AC-40F0-B63D-6ACE7814D600}"
EndProject
Global
	GlobalSection(SolutionConfigurationPlatforms) = preSolution
		Debug|x32 = Debug|x32
		Debug|x64 = Debug|x64
		Release|x32 = Release|x32
		Release|x64 = Release|x64
	EndGlobalSection
	GlobalSection(ProjectConfigurationPlatforms) = postSolution
		{DA08CABA-92AC-40F0-B63D-6ACE7814D600}.Debug|x32.ActiveCfg = Debug|Win32
		{DA08CABA-92AC-40F0-B63D-6ACE7814D600}.Debug|x32.Build.0 = Debug|Win32
		{DA08CABA-92AC-40F0-B63D-6ACE7814D600}.Debug|x64.ActiveCfg = Debug|x64
		{DA08CABA-92AC-40F0-B63D-6ACE7814D600}.Debug|x64.Build.0 = Debug|x64
		{DA08CABA-92AC-40F0-B63D-6ACE7814D600}.Release|x32.ActiveCfg = Release|Win32
		{DA08CABA-92AC-40F0-B63D-6ACE7814D600}.Release|x32.Build.0 = Release|Win32
		{DA08CABA-92AC-40F0-B63D-6ACE7814D600}.Release|x64.ActiveCfg = Release|x64
		{DA08CABA-92AC-40F0-B63D-6ACE7814D600}.Release|x64.Build.0 = Release|x64
	EndGlobalSection
	GlobalSection(SolutionProperties) = preSolution
		HideSolutionNode = FALSE
	EndGlobalSection
	GlobalSection(ExtensibilityGlobals) = postSolution
		SolutionGuid = {1A4D98A6-0840-4764-B904-77C8195A8C1C}
	EndGlobalSection
EndGlobal
